
Microsoft Visual Studio Solution File, Format Version 12.00
# Visual Studio Version 17
VisualStudioVersion = 17.9.34728.123
MinimumVisualStudioVersion = 10.0.40219.1
Project("{8BC9CEB8-8B4A-11D0-8D11-00A0C91BC942}") = "1-Ekrana Metin Yazdırma", "1-Ekrana Metin Yazdırma\1-Ekrana Metin Yazdırma.vcxproj", "{CDC6F32F-5241-432A-AC35-31963172051F}"
EndProject
Global
	GlobalSection(SolutionConfigurationPlatforms) = preSolution
		Debug|x64 = Debug|x64
		Debug|x86 = Debug|x86
		Release|x64 = Release|x64
		Release|x86 = Release|x86
	EndGlobalSection
	GlobalSection(ProjectConfigurationPlatforms) = postSolution
		{CDC6F32F-5241-432A-AC35-31963172051F}.Debug|x64.ActiveCfg = Debug|x64
		{CDC6F32F-5241-432A-AC35-31963172051F}.Debug|x64.Build.0 = Debug|x64
		{CDC6F32F-5241-432A-AC35-31963172051F}.Debug|x86.ActiveCfg = Debug|Win32
		{CDC6F32F-5241-432A-AC35-31963172051F}.Debug|x86.Build.0 = Debug|Win32
		{CDC6F32F-5241-432A-AC35-31963172051F}.Release|x64.ActiveCfg = Release|x64
		{CDC6F32F-5241-432A-AC35-31963172051F}.Release|x64.Build.0 = Release|x64
		{CDC6F32F-5241-432A-AC35-31963172051F}.Release|x86.ActiveCfg = Release|Win32
		{CDC6F32F-5241-432A-AC35-31963172051F}.Release|x86.Build.0 = Release|Win32
	EndGlobalSection
	GlobalSection(SolutionProperties) = preSolution
		HideSolutionNode = FALSE
	EndGlobalSection
	GlobalSection(ExtensibilityGlobals) = postSolution
		SolutionGuid = {EAB0E4FD-A955-42D8-A07A-B1E1D65F8554}
	EndGlobalSection
EndGlobal
